
Microsoft Visual Studio Solution File, Format Version 12.00
# Visual Studio 2012
Project("{FAE04EC0-301F-11D3-BF4B-00C04F79EFBC}") = "orderla", "orderla\orderla.csproj", "{DDAC516A-06B3-4666-B357-9E184B6732A2}"
EndProject
Global
	GlobalSection(SolutionConfigurationPlatforms) = preSolution
		Debug|Any CPU = Debug|Any CPU
		Release|Any CPU = Release|Any CPU
	EndGlobalSection
	GlobalSection(ProjectConfigurationPlatforms) = postSolution
		{DDAC516A-06B3-4666-B357-9E184B6732A2}.Debug|Any CPU.ActiveCfg = Debug|Any CPU
		{DDAC516A-06B3-4666-B357-9E184B6732A2}.Debug|Any CPU.Build.0 = Debug|Any CPU
		{DDAC516A-06B3-4666-B357-9E184B6732A2}.Release|Any CPU.ActiveCfg = Release|Any CPU
		{DDAC516A-06B3-4666-B357-9E184B6732A2}.Release|Any CPU.Build.0 = Release|Any CPU
	EndGlobalSection
	GlobalSection(SolutionProperties) = preSolution
		HideSolutionNode = FALSE
	EndGlobalSection
EndGlobal
